// !$*UTF8*$!
{
	archiveVersion = 1;
	classes = {
	};
	objectVersion = 56;
	objects = {

/* Begin PBXBuildFile section */
		ED139070294960890077D852 /* ProductsListScreen.swift in Sources */ = {isa = PBXBuildFile; fileRef = ED13906F294960890077D852 /* ProductsListScreen.swift */; };
		ED1390722949609E0077D852 /* ProductsListView.swift in Sources */ = {isa = PBXBuildFile; fileRef = ED1390712949609E0077D852 /* ProductsListView.swift */; };
		ED139075294961450077D852 /* AddProductScreen.swift in Sources */ = {isa = PBXBuildFile; fileRef = ED139074294961450077D852 /* AddProductScreen.swift */; };
		ED139077294962430077D852 /* ProductsListViewModel.swift in Sources */ = {isa = PBXBuildFile; fileRef = ED139076294962430077D852 /* ProductsListViewModel.swift */; };
		ED66DDCA2938EF5E0096640B /* Meu_EstoqueApp.swift in Sources */ = {isa = PBXBuildFile; fileRef = ED66DDC92938EF5E0096640B /* Meu_EstoqueApp.swift */; };
		ED66DDCE2938EF5F0096640B /* Assets.xcassets in Resources */ = {isa = PBXBuildFile; fileRef = ED66DDCD2938EF5F0096640B /* Assets.xcassets */; };
		ED66DDD12938EF5F0096640B /* Preview Assets.xcassets in Resources */ = {isa = PBXBuildFile; fileRef = ED66DDD02938EF5F0096640B /* Preview Assets.xcassets */; };
		ED66DDDA2938EFBA0096640B /* Product.swift in Sources */ = {isa = PBXBuildFile; fileRef = ED66DDD92938EFBA0096640B /* Product.swift */; };
		ED66DDDC2938F1680096640B /* ProductCell.swift in Sources */ = {isa = PBXBuildFile; fileRef = ED66DDDB2938F1680096640B /* ProductCell.swift */; };
/* End PBXBuildFile section */

/* Begin PBXFileReference section */
		ED13906F294960890077D852 /* ProductsListScreen.swift */ = {isa = PBXFileReference; lastKnownFileType = sourcecode.swift; path = ProductsListScreen.swift; sourceTree = "<group>"; };
		ED1390712949609E0077D852 /* ProductsListView.swift */ = {isa = PBXFileReference; lastKnownFileType = sourcecode.swift; path = ProductsListView.swift; sourceTree = "<group>"; };
		ED139074294961450077D852 /* AddProductScreen.swift */ = {isa = PBXFileReference; lastKnownFileType = sourcecode.swift; path = AddProductScreen.swift; sourceTree = "<group>"; };
		ED139076294962430077D852 /* ProductsListViewModel.swift */ = {isa = PBXFileReference; lastKnownFileType = sourcecode.swift; path = ProductsListViewModel.swift; sourceTree = "<group>"; };
		ED66DDC62938EF5E0096640B /* Meu_Estoque.app */ = {isa = PBXFileReference; explicitFileType = wrapper.application; includeInIndex = 0; path = Meu_Estoque.app; sourceTree = BUILT_PRODUCTS_DIR; };
		ED66DDC92938EF5E0096640B /* Meu_EstoqueApp.swift */ = {isa = PBXFileReference; lastKnownFileType = sourcecode.swift; path = Meu_EstoqueApp.swift; sourceTree = "<group>"; };
		ED66DDCD2938EF5F0096640B /* Assets.xcassets */ = {isa = PBXFileReference; lastKnownFileType = folder.assetcatalog; path = Assets.xcassets; sourceTree = "<group>"; };
		ED66DDD02938EF5F0096640B /* Preview Assets.xcassets */ = {isa = PBXFileReference; lastKnownFileType = folder.assetcatalog; path = "Preview Assets.xcassets"; sourceTree = "<group>"; };
		ED66DDD92938EFBA0096640B /* Product.swift */ = {isa = PBXFileReference; lastKnownFileType = sourcecode.swift; path = Product.swift; sourceTree = "<group>"; };
		ED66DDDB2938F1680096640B /* ProductCell.swift */ = {isa = PBXFileReference; lastKnownFileType = sourcecode.swift; path = ProductCell.swift; sourceTree = "<group>"; };
/* End PBXFileReference section */

/* Begin PBXFrameworksBuildPhase section */
		ED66DDC32938EF5E0096640B /* Frameworks */ = {
			isa = PBXFrameworksBuildPhase;
			buildActionMask = 2147483647;
			files = (
			);
			runOnlyForDeploymentPostprocessing = 0;
		};
/* End PBXFrameworksBuildPhase section */

/* Begin PBXGroup section */
		ED13906829495FD30077D852 /* Utils */ = {
			isa = PBXGroup;
			children = (
			);
			path = Utils;
			sourceTree = "<group>";
		};
		ED13906929495FDA0077D852 /* ViewModels */ = {
			isa = PBXGroup;
			children = (
				ED139076294962430077D852 /* ProductsListViewModel.swift */,
			);
			path = ViewModels;
			sourceTree = "<group>";
		};
		ED13906A29495FF10077D852 /* Services */ = {
			isa = PBXGroup;
			children = (
			);
			path = Services;
			sourceTree = "<group>";
		};
		ED13906B2949600E0077D852 /* Loaders */ = {
			isa = PBXGroup;
			children = (
			);
			path = Loaders;
			sourceTree = "<group>";
		};
		ED13906C2949601D0077D852 /* Control */ = {
			isa = PBXGroup;
			children = (
			);
			path = Control;
			sourceTree = "<group>";
		};
		ED13906D294960290077D852 /* Extensions */ = {
			isa = PBXGroup;
			children = (
			);
			path = Extensions;
			sourceTree = "<group>";
		};
		ED13906E294960490077D852 /* Screens */ = {
			isa = PBXGroup;
			children = (
				ED13906F294960890077D852 /* ProductsListScreen.swift */,
				ED139074294961450077D852 /* AddProductScreen.swift */,
			);
			path = Screens;
			sourceTree = "<group>";
		};
		ED66DDBD2938EF5E0096640B = {
			isa = PBXGroup;
			children = (
				ED66DDC82938EF5E0096640B /* Meu_Estoque */,
				ED66DDC72938EF5E0096640B /* Products */,
			);
			sourceTree = "<group>";
		};
		ED66DDC72938EF5E0096640B /* Products */ = {
			isa = PBXGroup;
			children = (
				ED66DDC62938EF5E0096640B /* Meu_Estoque.app */,
			);
			name = Products;
			sourceTree = "<group>";
		};
		ED66DDC82938EF5E0096640B /* Meu_Estoque */ = {
			isa = PBXGroup;
			children = (
				ED66DDC92938EF5E0096640B /* Meu_EstoqueApp.swift */,
				ED13906829495FD30077D852 /* Utils */,
				ED13906929495FDA0077D852 /* ViewModels */,
				ED66DDD82938EFAB0096640B /* Models */,
				ED13906A29495FF10077D852 /* Services */,
				ED13906B2949600E0077D852 /* Loaders */,
				ED13906C2949601D0077D852 /* Control */,
				ED13906D294960290077D852 /* Extensions */,
				ED13906E294960490077D852 /* Screens */,
				ED66DDD72938EFA50096640B /* Views */,
				ED66DDCD2938EF5F0096640B /* Assets.xcassets */,
				ED66DDCF2938EF5F0096640B /* Preview Content */,
			);
			path = Meu_Estoque;
			sourceTree = "<group>";
		};
		ED66DDCF2938EF5F0096640B /* Preview Content */ = {
			isa = PBXGroup;
			children = (
				ED66DDD02938EF5F0096640B /* Preview Assets.xcassets */,
			);
			path = "Preview Content";
			sourceTree = "<group>";
		};
		ED66DDD72938EFA50096640B /* Views */ = {
			isa = PBXGroup;
			children = (
				ED66DDDB2938F1680096640B /* ProductCell.swift */,
				ED1390712949609E0077D852 /* ProductsListView.swift */,
			);
			path = Views;
			sourceTree = "<group>";
		};
		ED66DDD82938EFAB0096640B /* Models */ = {
			isa = PBXGroup;
			children = (
				ED66DDD92938EFBA0096640B /* Product.swift */,
			);
			path = Models;
			sourceTree = "<group>";
		};
/* End PBXGroup section */

/* Begin PBXNativeTarget section */
		ED66DDC52938EF5E0096640B /* Meu_Estoque */ = {
			isa = PBXNativeTarget;
			buildConfigurationList = ED66DDD42938EF5F0096640B /* Build configuration list for PBXNativeTarget "Meu_Estoque" */;
			buildPhases = (
				ED66DDC22938EF5E0096640B /* Sources */,
				ED66DDC32938EF5E0096640B /* Frameworks */,
				ED66DDC42938EF5E0096640B /* Resources */,
			);
			buildRules = (
			);
			dependencies = (
			);
			name = Meu_Estoque;
			productName = Meu_Estoque;
			productReference = ED66DDC62938EF5E0096640B /* Meu_Estoque.app */;
			productType = "com.apple.product-type.application";
		};
/* End PBXNativeTarget section */

/* Begin PBXProject section */
		ED66DDBE2938EF5E0096640B /* Project object */ = {
			isa = PBXProject;
			attributes = {
				BuildIndependentTargetsInParallel = 1;
				LastSwiftUpdateCheck = 1410;
				LastUpgradeCheck = 1410;
				TargetAttributes = {
					ED66DDC52938EF5E0096640B = {
						CreatedOnToolsVersion = 14.1;
					};
				};
			};
			buildConfigurationList = ED66DDC12938EF5E0096640B /* Build configuration list for PBXProject "Meu_Estoque" */;
			compatibilityVersion = "Xcode 14.0";
			developmentRegion = en;
			hasScannedForEncodings = 0;
			knownRegions = (
				en,
				Base,
			);
			mainGroup = ED66DDBD2938EF5E0096640B;
			productRefGroup = ED66DDC72938EF5E0096640B /* Products */;
			projectDirPath = "";
			projectRoot = "";
			targets = (
				ED66DDC52938EF5E0096640B /* Meu_Estoque */,
			);
		};
/* End PBXProject section */

/* Begin PBXResourcesBuildPhase section */
		ED66DDC42938EF5E0096640B /* Resources */ = {
			isa = PBXResourcesBuildPhase;
			buildActionMask = 2147483647;
			files = (
				ED66DDD12938EF5F0096640B /* Preview Assets.xcassets in Resources */,
				ED66DDCE2938EF5F0096640B /* Assets.xcassets in Resources */,
			);
			runOnlyForDeploymentPostprocessing = 0;
		};
/* End PBXResourcesBuildPhase section */

/* Begin PBXSourcesBuildPhase section */
		ED66DDC22938EF5E0096640B /* Sources */ = {
			isa = PBXSourcesBuildPhase;
			buildActionMask = 2147483647;
			files = (
				ED66DDDC2938F1680096640B /* ProductCell.swift in Sources */,
				ED139075294961450077D852 /* AddProductScreen.swift in Sources */,
				ED1390722949609E0077D852 /* ProductsListView.swift in Sources */,
				ED66DDCA2938EF5E0096640B /* Meu_EstoqueApp.swift in Sources */,
				ED66DDDA2938EFBA0096640B /* Product.swift in Sources */,
				ED139070294960890077D852 /* ProductsListScreen.swift in Sources */,
				ED139077294962430077D852 /* ProductsListViewModel.swift in Sources */,
			);
			runOnlyForDeploymentPostprocessing = 0;
		};
/* End PBXSourcesBuildPhase section */

/* Begin XCBuildConfiguration section */
		ED66DDD22938EF5F0096640B /* Debug */ = {
			isa = XCBuildConfiguration;
			buildSettings = {
				ALWAYS_SEARCH_USER_PATHS = NO;
				CLANG_ANALYZER_NONNULL = YES;
				CLANG_ANALYZER_NUMBER_OBJECT_CONVERSION = YES_AGGRESSIVE;
				CLANG_CXX_LANGUAGE_STANDARD = "gnu++20";
				CLANG_ENABLE_MODULES = YES;
				CLANG_ENABLE_OBJC_ARC = YES;
				CLANG_ENABLE_OBJC_WEAK = YES;
				CLANG_WARN_BLOCK_CAPTURE_AUTORELEASING = YES;
				CLANG_WARN_BOOL_CONVERSION = YES;
				CLANG_WARN_COMMA = YES;
				CLANG_WARN_CONSTANT_CONVERSION = YES;
				CLANG_WARN_DEPRECATED_OBJC_IMPLEMENTATIONS = YES;
				CLANG_WARN_DIRECT_OBJC_ISA_USAGE = YES_ERROR;
				CLANG_WARN_DOCUMENTATION_COMMENTS = YES;
				CLANG_WARN_EMPTY_BODY = YES;
				CLANG_WARN_ENUM_CONVERSION = YES;
				CLANG_WARN_INFINITE_RECURSION = YES;
				CLANG_WARN_INT_CONVERSION = YES;
				CLANG_WARN_NON_LITERAL_NULL_CONVERSION = YES;
				CLANG_WARN_OBJC_IMPLICIT_RETAIN_SELF = YES;
				CLANG_WARN_OBJC_LITERAL_CONVERSION = YES;
				CLANG_WARN_OBJC_ROOT_CLASS = YES_ERROR;
				CLANG_WARN_QUOTED_INCLUDE_IN_FRAMEWORK_HEADER = YES;
				CLANG_WARN_RANGE_LOOP_ANALYSIS = YES;
				CLANG_WARN_STRICT_PROTOTYPES = YES;
				CLANG_WARN_SUSPICIOUS_MOVE = YES;
				CLANG_WARN_UNGUARDED_AVAILABILITY = YES_AGGRESSIVE;
				CLANG_WARN_UNREACHABLE_CODE = YES;
				CLANG_WARN__DUPLICATE_METHOD_MATCH = YES;
				COPY_PHASE_STRIP = NO;
				DEBUG_INFORMATION_FORMAT = dwarf;
				ENABLE_STRICT_OBJC_MSGSEND = YES;
				ENABLE_TESTABILITY = YES;
				GCC_C_LANGUAGE_STANDARD = gnu11;
				GCC_DYNAMIC_NO_PIC = NO;
				GCC_NO_COMMON_BLOCKS = YES;
				GCC_OPTIMIZATION_LEVEL = 0;
				GCC_PREPROCESSOR_DEFINITIONS = (
					"DEBUG=1",
					"$(inherited)",
				);
				GCC_WARN_64_TO_32_BIT_CONVERSION = YES;
				GCC_WARN_ABOUT_RETURN_TYPE = YES_ERROR;
				GCC_WARN_UNDECLARED_SELECTOR = YES;
				GCC_WARN_UNINITIALIZED_AUTOS = YES_AGGRESSIVE;
				GCC_WARN_UNUSED_FUNCTION = YES;
				GCC_WARN_UNUSED_VARIABLE = YES;
				IPHONEOS_DEPLOYMENT_TARGET = 16.1;
				MTL_ENABLE_DEBUG_INFO = INCLUDE_SOURCE;
				MTL_FAST_MATH = YES;
				ONLY_ACTIVE_ARCH = YES;
				SDKROOT = iphoneos;
				SWIFT_ACTIVE_COMPILATION_CONDITIONS = DEBUG;
				SWIFT_OPTIMIZATION_LEVEL = "-Onone";
			};
			name = Debug;
		};
		ED66DDD32938EF5F0096640B /* Release */ = {
			isa = XCBuildConfiguration;
			buildSettings = {
				ALWAYS_SEARCH_USER_PATHS = NO;
				CLANG_ANALYZER_NONNULL = YES;
				CLANG_ANALYZER_NUMBER_OBJECT_CONVERSION = YES_AGGRESSIVE;
				CLANG_CXX_LANGUAGE_STANDARD = "gnu++20";
				CLANG_ENABLE_MODULES = YES;
				CLANG_ENABLE_OBJC_ARC = YES;
				CLANG_ENABLE_OBJC_WEAK = YES;
				CLANG_WARN_BLOCK_CAPTURE_AUTORELEASING = YES;
				CLANG_WARN_BOOL_CONVERSION = YES;
				CLANG_WARN_COMMA = YES;
				CLANG_WARN_CONSTANT_CONVERSION = YES;
				CLANG_WARN_DEPRECATED_OBJC_IMPLEMENTATIONS = YES;
				CLANG_WARN_DIRECT_OBJC_ISA_USAGE = YES_ERROR;
				CLANG_WARN_DOCUMENTATION_COMMENTS = YES;
				CLANG_WARN_EMPTY_BODY = YES;
				CLANG_WARN_ENUM_CONVERSION = YES;
				CLANG_WARN_INFINITE_RECURSION = YES;
				CLANG_WARN_INT_CONVERSION = YES;
				CLANG_WARN_NON_LITERAL_NULL_CONVERSION = YES;
				CLANG_WARN_OBJC_IMPLICIT_RETAIN_SELF = YES;
				CLANG_WARN_OBJC_LITERAL_CONVERSION = YES;
				CLANG_WARN_OBJC_ROOT_CLASS = YES_ERROR;
				CLANG_WARN_QUOTED_INCLUDE_IN_FRAMEWORK_HEADER = YES;
				CLANG_WARN_RANGE_LOOP_ANALYSIS = YES;
				CLANG_WARN_STRICT_PROTOTYPES = YES;
				CLANG_WARN_SUSPICIOUS_MOVE = YES;
				CLANG_WARN_UNGUARDED_AVAILABILITY = YES_AGGRESSIVE;
				CLANG_WARN_UNREACHABLE_CODE = YES;
				CLANG_WARN__DUPLICATE_METHOD_MATCH = YES;
				COPY_PHASE_STRIP = NO;
				DEBUG_INFORMATION_FORMAT = "dwarf-with-dsym";
				ENABLE_NS_ASSERTIONS = NO;
				ENABLE_STRICT_OBJC_MSGSEND = YES;
				GCC_C_LANGUAGE_STANDARD = gnu11;
				GCC_NO_COMMON_BLOCKS = YES;
				GCC_WARN_64_TO_32_BIT_CONVERSION = YES;
				GCC_WARN_ABOUT_RETURN_TYPE = YES_ERROR;
				GCC_WARN_UNDECLARED_SELECTOR = YES;
				GCC_WARN_UNINITIALIZED_AUTOS = YES_AGGRESSIVE;
				GCC_WARN_UNUSED_FUNCTION = YES;
				GCC_WARN_UNUSED_VARIABLE = YES;
				IPHONEOS_DEPLOYMENT_TARGET = 16.1;
				MTL_ENABLE_DEBUG_INFO = NO;
				MTL_FAST_MATH = YES;
				SDKROOT = iphoneos;
				SWIFT_COMPILATION_MODE = wholemodule;
				SWIFT_OPTIMIZATION_LEVEL = "-O";
				VALIDATE_PRODUCT = YES;
			};
			name = Release;
		};
		ED66DDD52938EF5F0096640B /* Debug */ = {
			isa = XCBuildConfiguration;
			buildSettings = {
				ASSETCATALOG_COMPILER_APPICON_NAME = AppIcon;
				ASSETCATALOG_COMPILER_GLOBAL_ACCENT_COLOR_NAME = AccentColor;
				CODE_SIGN_STYLE = Automatic;
				CURRENT_PROJECT_VERSION = 1;
				DEVELOPMENT_ASSET_PATHS = "\"Meu_Estoque/Preview Content\"";
				DEVELOPMENT_TEAM = 3945C3P68V;
				ENABLE_PREVIEWS = YES;
				GENERATE_INFOPLIST_FILE = YES;
				INFOPLIST_KEY_UIApplicationSceneManifest_Generation = YES;
				INFOPLIST_KEY_UIApplicationSupportsIndirectInputEvents = YES;
				INFOPLIST_KEY_UILaunchScreen_Generation = YES;
				INFOPLIST_KEY_UISupportedInterfaceOrientations_iPad = "UIInterfaceOrientationPortrait UIInterfaceOrientationPortraitUpsideDown UIInterfaceOrientationLandscapeLeft UIInterfaceOrientationLandscapeRight";
				INFOPLIST_KEY_UISupportedInterfaceOrientations_iPhone = "UIInterfaceOrientationPortrait UIInterfaceOrientationLandscapeLeft UIInterfaceOrientationLandscapeRight";
				LD_RUNPATH_SEARCH_PATHS = (
					"$(inherited)",
					"@executable_path/Frameworks",
				);
				MARKETING_VERSION = 1.0;
				PRODUCT_BUNDLE_IDENTIFIER = "ordozgoite.Meu-Estoque";
				PRODUCT_NAME = "$(TARGET_NAME)";
				SWIFT_EMIT_LOC_STRINGS = YES;
				SWIFT_VERSION = 5.0;
				TARGETED_DEVICE_FAMILY = "1,2";
			};
			name = Debug;
		};
		ED66DDD62938EF5F0096640B /* Release */ = {
			isa = XCBuildConfiguration;
			buildSettings = {
				ASSETCATALOG_COMPILER_APPICON_NAME = AppIcon;
				ASSETCATALOG_COMPILER_GLOBAL_ACCENT_COLOR_NAME = AccentColor;
				CODE_SIGN_STYLE = Automatic;
				CURRENT_PROJECT_VERSION = 1;
				DEVELOPMENT_ASSET_PATHS = "\"Meu_Estoque/Preview Content\"";
				DEVELOPMENT_TEAM = 3945C3P68V;
				ENABLE_PREVIEWS = YES;
				GENERATE_INFOPLIST_FILE = YES;
				INFOPLIST_KEY_UIApplicationSceneManifest_Generation = YES;
				INFOPLIST_KEY_UIApplicationSupportsIndirectInputEvents = YES;
				INFOPLIST_KEY_UILaunchScreen_Generation = YES;
				INFOPLIST_KEY_UISupportedInterfaceOrientations_iPad = "UIInterfaceOrientationPortrait UIInterfaceOrientationPortraitUpsideDown UIInterfaceOrientationLandscapeLeft UIInterfaceOrientationLandscapeRight";
				INFOPLIST_KEY_UISupportedInterfaceOrientations_iPhone = "UIInterfaceOrientationPortrait UIInterfaceOrientationLandscapeLeft UIInterfaceOrientationLandscapeRight";
				LD_RUNPATH_SEARCH_PATHS = (
					"$(inherited)",
					"@executable_path/Frameworks",
				);
				MARKETING_VERSION = 1.0;
				PRODUCT_BUNDLE_IDENTIFIER = "ordozgoite.Meu-Estoque";
				PRODUCT_NAME = "$(TARGET_NAME)";
				SWIFT_EMIT_LOC_STRINGS = YES;
				SWIFT_VERSION = 5.0;
				TARGETED_DEVICE_FAMILY = "1,2";
			};
			name = Release;
		};
/* End XCBuildConfiguration section */

/* Begin XCConfigurationList section */
		ED66DDC12938EF5E0096640B /* Build configuration list for PBXProject "Meu_Estoque" */ = {
			isa = XCConfigurationList;
			buildConfigurations = (
				ED66DDD22938EF5F0096640B /* Debug */,
				ED66DDD32938EF5F0096640B /* Release */,
			);
			defaultConfigurationIsVisible = 0;
			defaultConfigurationName = Release;
		};
		ED66DDD42938EF5F0096640B /* Build configuration list for PBXNativeTarget "Meu_Estoque" */ = {
			isa = XCConfigurationList;
			buildConfigurations = (
				ED66DDD52938EF5F0096640B /* Debug */,
				ED66DDD62938EF5F0096640B /* Release */,
			);
			defaultConfigurationIsVisible = 0;
			defaultConfigurationName = Release;
		};
/* End XCConfigurationList section */
	};
	rootObject = ED66DDBE2938EF5E0096640B /* Project object */;
}
